
Microsoft Visual Studio Solution File, Format Version 12.00
# Visual Studio Version 17
VisualStudioVersion = 17.1.32421.90
MinimumVisualStudioVersion = 10.0.40219.1
Project("{FAE04EC0-301F-11D3-BF4B-00C04F79EFBC}") = "ASP_API_May_2022", "ASP_API_May_2022\ASP_API_May_2022.csproj", "{B7755722-811C-4C4F-B6B7-BF315D20948D}"
EndProject
Global
	GlobalSection(SolutionConfigurationPlatforms) = preSolution
		Debug|Any CPU = Debug|Any CPU
		Release|Any CPU = Release|Any CPU
	EndGlobalSection
	GlobalSection(ProjectConfigurationPlatforms) = postSolution
		{B7755722-811C-4C4F-B6B7-BF315D20948D}.Debug|Any CPU.ActiveCfg = Debug|Any CPU
		{B7755722-811C-4C4F-B6B7-BF315D20948D}.Debug|Any CPU.Build.0 = Debug|Any CPU
		{B7755722-811C-4C4F-B6B7-BF315D20948D}.Release|Any CPU.ActiveCfg = Release|Any CPU
		{B7755722-811C-4C4F-B6B7-BF315D20948D}.Release|Any CPU.Build.0 = Release|Any CPU
	EndGlobalSection
	GlobalSection(SolutionProperties) = preSolution
		HideSolutionNode = FALSE
	EndGlobalSection
	GlobalSection(ExtensibilityGlobals) = postSolution
		SolutionGuid = {C112C5BB-64A9-4AFC-80CF-25D6E73FE152}
	EndGlobalSection
EndGlobal
